
Microsoft Visual Studio Solution File, Format Version 12.00
# Visual Studio Version 17
VisualStudioVersion = 17.5.002.0
MinimumVisualStudioVersion = 10.0.40219.1
Project("{2150E333-8FDC-42A3-9474-1A3956D46DE8}") = "Assignments", "Assignments", "{C32604EF-6C88-472C-99DC-CB247B35C843}"
EndProject
Project("{2150E333-8FDC-42A3-9474-1A3956D46DE8}") = "Final", "Final", "{5967D59E-8937-4F11-86E7-541433A3329F}"
EndProject
Project("{9A19103F-16F7-4668-BE54-9A1E7A4F7556}") = "adonet", "Assignments\Final\AdoNet\adonet.csproj", "{B7724952-38A9-4814-A224-F544DA615D09}"
EndProject
Global
	GlobalSection(SolutionConfigurationPlatforms) = preSolution
		Debug|Any CPU = Debug|Any CPU
		Release|Any CPU = Release|Any CPU
	EndGlobalSection
	GlobalSection(ProjectConfigurationPlatforms) = postSolution
		{B7724952-38A9-4814-A224-F544DA615D09}.Debug|Any CPU.ActiveCfg = Debug|Any CPU
		{B7724952-38A9-4814-A224-F544DA615D09}.Debug|Any CPU.Build.0 = Debug|Any CPU
		{B7724952-38A9-4814-A224-F544DA615D09}.Release|Any CPU.ActiveCfg = Release|Any CPU
		{B7724952-38A9-4814-A224-F544DA615D09}.Release|Any CPU.Build.0 = Release|Any CPU
	EndGlobalSection
	GlobalSection(SolutionProperties) = preSolution
		HideSolutionNode = FALSE
	EndGlobalSection
	GlobalSection(NestedProjects) = preSolution
		{5967D59E-8937-4F11-86E7-541433A3329F} = {C32604EF-6C88-472C-99DC-CB247B35C843}
		{B7724952-38A9-4814-A224-F544DA615D09} = {5967D59E-8937-4F11-86E7-541433A3329F}
	EndGlobalSection
	GlobalSection(ExtensibilityGlobals) = postSolution
		SolutionGuid = {A921D2DE-A0A0-4930-968C-3C683922A965}
	EndGlobalSection
EndGlobal
